
Microsoft Visual Studio Solution File, Format Version 12.00
# Visual Studio 2012
Project("{FAE04EC0-301F-11D3-BF4B-00C04F79EFBC}") = "Restafari", "Restafari\Restafari.csproj", "{BD69A35A-36ED-4846-A595-7A37276ABBB5}"
EndProject
Project("{FAE04EC0-301F-11D3-BF4B-00C04F79EFBC}") = "Restafari 4.0", "Restafari\Restafari 4.0.csproj", "{9CB972F8-8A9A-4E71-8C13-3804344BB749}"
EndProject
Project("{FAE04EC0-301F-11D3-BF4B-00C04F79EFBC}") = "Restafari.WindowsStore", "Restafari.WindowsStore\Restafari.WindowsStore.csproj", "{96FB5C4B-0CE8-4390-AE35-74D8D82861F3}"
EndProject
Project("{FAE04EC0-301F-11D3-BF4B-00C04F79EFBC}") = "Restafari.WindowsPhone", "Restafari.WindowsPhone\Restafari.WindowsPhone.csproj", "{8D453AA6-F2B9-408C-8FFD-D005B36C516F}"
EndProject
Project("{FAE04EC0-301F-11D3-BF4B-00C04F79EFBC}") = "Restafari.Tests", "Restafari.Tests\Restafari.Tests.csproj", "{CB0233E6-8526-42EE-A4E4-61140EA5F8A9}"
EndProject
Project("{2150E333-8FDC-42A3-9474-1A3956D46DE8}") = "Solution Folder", "Solution Folder", "{2304F1AD-199C-4DD3-BA73-D7ADED3D1132}"
	ProjectSection(SolutionItems) = preProject
		Restafari.nuspec = Restafari.nuspec
		Restafari.sln.DotSettings = Restafari.sln.DotSettings
	EndProjectSection
EndProject
Global
	GlobalSection(TeamFoundationVersionControl) = preSolution
		SccNumberOfProjects = 6
		SccEnterpriseProvider = {4CA58AB2-18FA-4F8D-95D4-32DDF27D184C}
		SccTeamFoundationServer = https://tfs.codeplex.com/tfs/tfs01
		SccLocalPath0 = .
		SccProjectUniqueName1 = Restafari.Tests\\Restafari.Tests.csproj
		SccProjectName1 = Restafari.Tests
		SccLocalPath1 = Restafari.Tests
		SccProjectUniqueName2 = Restafari.WindowsPhone\\Restafari.WindowsPhone.csproj
		SccProjectName2 = Restafari.WindowsPhone
		SccLocalPath2 = Restafari.WindowsPhone
		SccProjectUniqueName3 = Restafari.WindowsStore\\Restafari.WindowsStore.csproj
		SccProjectName3 = Restafari.WindowsStore
		SccLocalPath3 = Restafari.WindowsStore
		SccProjectUniqueName4 = Restafari\\Restafari\u00204.0.csproj
		SccProjectName4 = Restafari
		SccLocalPath4 = Restafari
		SccProjectUniqueName5 = Restafari\\Restafari.csproj
		SccProjectName5 = Restafari
		SccLocalPath5 = Restafari
	EndGlobalSection
	GlobalSection(SolutionConfigurationPlatforms) = preSolution
		Debug|Any CPU = Debug|Any CPU
		Debug|ARM = Debug|ARM
		Debug|x64 = Debug|x64
		Debug|x86 = Debug|x86
		Release|Any CPU = Release|Any CPU
		Release|ARM = Release|ARM
		Release|x64 = Release|x64
		Release|x86 = Release|x86
	EndGlobalSection
	GlobalSection(ProjectConfigurationPlatforms) = postSolution
		{BD69A35A-36ED-4846-A595-7A37276ABBB5}.Debug|Any CPU.ActiveCfg = Debug|Any CPU
		{BD69A35A-36ED-4846-A595-7A37276ABBB5}.Debug|Any CPU.Build.0 = Debug|Any CPU
		{BD69A35A-36ED-4846-A595-7A37276ABBB5}.Debug|ARM.ActiveCfg = Debug|Any CPU
		{BD69A35A-36ED-4846-A595-7A37276ABBB5}.Debug|x64.ActiveCfg = Debug|Any CPU
		{BD69A35A-36ED-4846-A595-7A37276ABBB5}.Debug|x86.ActiveCfg = Debug|Any CPU
		{BD69A35A-36ED-4846-A595-7A37276ABBB5}.Release|Any CPU.ActiveCfg = Release|Any CPU
		{BD69A35A-36ED-4846-A595-7A37276ABBB5}.Release|Any CPU.Build.0 = Release|Any CPU
		{BD69A35A-36ED-4846-A595-7A37276ABBB5}.Release|ARM.ActiveCfg = Release|Any CPU
		{BD69A35A-36ED-4846-A595-7A37276ABBB5}.Release|x64.ActiveCfg = Release|Any CPU
		{BD69A35A-36ED-4846-A595-7A37276ABBB5}.Release|x86.ActiveCfg = Release|Any CPU
		{9CB972F8-8A9A-4E71-8C13-3804344BB749}.Debug|Any CPU.ActiveCfg = Debug|Any CPU
		{9CB972F8-8A9A-4E71-8C13-3804344BB749}.Debug|Any CPU.Build.0 = Debug|Any CPU
		{9CB972F8-8A9A-4E71-8C13-3804344BB749}.Debug|ARM.ActiveCfg = Debug|Any CPU
		{9CB972F8-8A9A-4E71-8C13-3804344BB749}.Debug|x64.ActiveCfg = Debug|Any CPU
		{9CB972F8-8A9A-4E71-8C13-3804344BB749}.Debug|x86.ActiveCfg = Debug|Any CPU
		{9CB972F8-8A9A-4E71-8C13-3804344BB749}.Release|Any CPU.ActiveCfg = Release|Any CPU
		{9CB972F8-8A9A-4E71-8C13-3804344BB749}.Release|Any CPU.Build.0 = Release|Any CPU
		{9CB972F8-8A9A-4E71-8C13-3804344BB749}.Release|ARM.ActiveCfg = Release|Any CPU
		{9CB972F8-8A9A-4E71-8C13-3804344BB749}.Release|x64.ActiveCfg = Release|Any CPU
		{9CB972F8-8A9A-4E71-8C13-3804344BB749}.Release|x86.ActiveCfg = Release|Any CPU
		{96FB5C4B-0CE8-4390-AE35-74D8D82861F3}.Debug|Any CPU.ActiveCfg = Debug|Any CPU
		{96FB5C4B-0CE8-4390-AE35-74D8D82861F3}.Debug|Any CPU.Build.0 = Debug|Any CPU
		{96FB5C4B-0CE8-4390-AE35-74D8D82861F3}.Debug|ARM.ActiveCfg = Debug|ARM
		{96FB5C4B-0CE8-4390-AE35-74D8D82861F3}.Debug|ARM.Build.0 = Debug|ARM
		{96FB5C4B-0CE8-4390-AE35-74D8D82861F3}.Debug|x64.ActiveCfg = Debug|x64
		{96FB5C4B-0CE8-4390-AE35-74D8D82861F3}.Debug|x64.Build.0 = Debug|x64
		{96FB5C4B-0CE8-4390-AE35-74D8D82861F3}.Debug|x86.ActiveCfg = Debug|x86
		{96FB5C4B-0CE8-4390-AE35-74D8D82861F3}.Debug|x86.Build.0 = Debug|x86
		{96FB5C4B-0CE8-4390-AE35-74D8D82861F3}.Release|Any CPU.ActiveCfg = Release|Any CPU
		{96FB5C4B-0CE8-4390-AE35-74D8D82861F3}.Release|Any CPU.Build.0 = Release|Any CPU
		{96FB5C4B-0CE8-4390-AE35-74D8D82861F3}.Release|ARM.ActiveCfg = Release|ARM
		{96FB5C4B-0CE8-4390-AE35-74D8D82861F3}.Release|ARM.Build.0 = Release|ARM
		{96FB5C4B-0CE8-4390-AE35-74D8D82861F3}.Release|x64.ActiveCfg = Release|x64
		{96FB5C4B-0CE8-4390-AE35-74D8D82861F3}.Release|x64.Build.0 = Release|x64
		{96FB5C4B-0CE8-4390-AE35-74D8D82861F3}.Release|x86.ActiveCfg = Release|x86
		{96FB5C4B-0CE8-4390-AE35-74D8D82861F3}.Release|x86.Build.0 = Release|x86
		{8D453AA6-F2B9-408C-8FFD-D005B36C516F}.Debug|Any CPU.ActiveCfg = Debug|Any CPU
		{8D453AA6-F2B9-408C-8FFD-D005B36C516F}.Debug|Any CPU.Build.0 = Debug|Any CPU
		{8D453AA6-F2B9-408C-8FFD-D005B36C516F}.Debug|ARM.ActiveCfg = Debug|ARM
		{8D453AA6-F2B9-408C-8FFD-D005B36C516F}.Debug|ARM.Build.0 = Debug|ARM
		{8D453AA6-F2B9-408C-8FFD-D005B36C516F}.Debug|x64.ActiveCfg = Debug|Any CPU
		{8D453AA6-F2B9-408C-8FFD-D005B36C516F}.Debug|x86.ActiveCfg = Debug|x86
		{8D453AA6-F2B9-408C-8FFD-D005B36C516F}.Debug|x86.Build.0 = Debug|x86
		{8D453AA6-F2B9-408C-8FFD-D005B36C516F}.Release|Any CPU.ActiveCfg = Release|Any CPU
		{8D453AA6-F2B9-408C-8FFD-D005B36C516F}.Release|Any CPU.Build.0 = Release|Any CPU
		{8D453AA6-F2B9-408C-8FFD-D005B36C516F}.Release|ARM.ActiveCfg = Release|ARM
		{8D453AA6-F2B9-408C-8FFD-D005B36C516F}.Release|ARM.Build.0 = Release|ARM
		{8D453AA6-F2B9-408C-8FFD-D005B36C516F}.Release|x64.ActiveCfg = Release|Any CPU
		{8D453AA6-F2B9-408C-8FFD-D005B36C516F}.Release|x86.ActiveCfg = Release|x86
		{8D453AA6-F2B9-408C-8FFD-D005B36C516F}.Release|x86.Build.0 = Release|x86
		{CB0233E6-8526-42EE-A4E4-61140EA5F8A9}.Debug|Any CPU.ActiveCfg = Debug|Any CPU
		{CB0233E6-8526-42EE-A4E4-61140EA5F8A9}.Debug|Any CPU.Build.0 = Debug|Any CPU
		{CB0233E6-8526-42EE-A4E4-61140EA5F8A9}.Debug|ARM.ActiveCfg = Debug|Any CPU
		{CB0233E6-8526-42EE-A4E4-61140EA5F8A9}.Debug|x64.ActiveCfg = Debug|Any CPU
		{CB0233E6-8526-42EE-A4E4-61140EA5F8A9}.Debug|x86.ActiveCfg = Debug|Any CPU
		{CB0233E6-8526-42EE-A4E4-61140EA5F8A9}.Release|Any CPU.ActiveCfg = Release|Any CPU
		{CB0233E6-8526-42EE-A4E4-61140EA5F8A9}.Release|Any CPU.Build.0 = Release|Any CPU
		{CB0233E6-8526-42EE-A4E4-61140EA5F8A9}.Release|ARM.ActiveCfg = Release|Any CPU
		{CB0233E6-8526-42EE-A4E4-61140EA5F8A9}.Release|x64.ActiveCfg = Release|Any CPU
		{CB0233E6-8526-42EE-A4E4-61140EA5F8A9}.Release|x86.ActiveCfg = Release|Any CPU
	EndGlobalSection
	GlobalSection(SolutionProperties) = preSolution
		HideSolutionNode = FALSE
	EndGlobalSection
EndGlobal
